
Microsoft Visual Studio Solution File, Format Version 12.00
# Visual Studio Version 16
VisualStudioVersion = 16.0.31624.102
MinimumVisualStudioVersion = 10.0.40219.1
Project("{9A19103F-16F7-4668-BE54-9A1E7A4F7556}") = "DataAccess", "DataAccess\DataAccess.csproj", "{40ADADA7-A67E-4CA0-BBBC-E5FF67747FD0}"
EndProject
Project("{9A19103F-16F7-4668-BE54-9A1E7A4F7556}") = "Business", "Business\Business.csproj", "{F982DE54-39B2-42DF-9725-32C2F6D12CCB}"
EndProject
Project("{9A19103F-16F7-4668-BE54-9A1E7A4F7556}") = "Entities", "Entities\Entities.csproj", "{D7E39147-3B35-453B-A885-F1AD7EE337BB}"
EndProject
Project("{9A19103F-16F7-4668-BE54-9A1E7A4F7556}") = "ConsoleUI", "ConsoleUI\ConsoleUI.csproj", "{4FBD3C05-41DB-497C-BEF2-441AB9D9B4DA}"
EndProject
Project("{9A19103F-16F7-4668-BE54-9A1E7A4F7556}") = "Core", "Core\Core.csproj", "{0CD9FBB1-13DB-4B6D-82A1-76764ECF7EC2}"
EndProject
Project("{FAE04EC0-301F-11D3-BF4B-00C04F79EFBC}") = "WebAPI", "WebAPI\WebAPI.csproj", "{7D75C21E-14CC-4934-9976-56006E60D5AD}"
EndProject
Global
	GlobalSection(SolutionConfigurationPlatforms) = preSolution
		Debug|Any CPU = Debug|Any CPU
		Release|Any CPU = Release|Any CPU
	EndGlobalSection
	GlobalSection(ProjectConfigurationPlatforms) = postSolution
		{40ADADA7-A67E-4CA0-BBBC-E5FF67747FD0}.Debug|Any CPU.ActiveCfg = Debug|Any CPU
		{40ADADA7-A67E-4CA0-BBBC-E5FF67747FD0}.Debug|Any CPU.Build.0 = Debug|Any CPU
		{40ADADA7-A67E-4CA0-BBBC-E5FF67747FD0}.Release|Any CPU.ActiveCfg = Release|Any CPU
		{40ADADA7-A67E-4CA0-BBBC-E5FF67747FD0}.Release|Any CPU.Build.0 = Release|Any CPU
		{F982DE54-39B2-42DF-9725-32C2F6D12CCB}.Debug|Any CPU.ActiveCfg = Debug|Any CPU
		{F982DE54-39B2-42DF-9725-32C2F6D12CCB}.Debug|Any CPU.Build.0 = Debug|Any CPU
		{F982DE54-39B2-42DF-9725-32C2F6D12CCB}.Release|Any CPU.ActiveCfg = Release|Any CPU
		{F982DE54-39B2-42DF-9725-32C2F6D12CCB}.Release|Any CPU.Build.0 = Release|Any CPU
		{D7E39147-3B35-453B-A885-F1AD7EE337BB}.Debug|Any CPU.ActiveCfg = Debug|Any CPU
		{D7E39147-3B35-453B-A885-F1AD7EE337BB}.Debug|Any CPU.Build.0 = Debug|Any CPU
		{D7E39147-3B35-453B-A885-F1AD7EE337BB}.Release|Any CPU.ActiveCfg = Release|Any CPU
		{D7E39147-3B35-453B-A885-F1AD7EE337BB}.Release|Any CPU.Build.0 = Release|Any CPU
		{4FBD3C05-41DB-497C-BEF2-441AB9D9B4DA}.Debug|Any CPU.ActiveCfg = Debug|Any CPU
		{4FBD3C05-41DB-497C-BEF2-441AB9D9B4DA}.Debug|Any CPU.Build.0 = Debug|Any CPU
		{4FBD3C05-41DB-497C-BEF2-441AB9D9B4DA}.Release|Any CPU.ActiveCfg = Release|Any CPU
		{4FBD3C05-41DB-497C-BEF2-441AB9D9B4DA}.Release|Any CPU.Build.0 = Release|Any CPU
		{0CD9FBB1-13DB-4B6D-82A1-76764ECF7EC2}.Debug|Any CPU.ActiveCfg = Debug|Any CPU
		{0CD9FBB1-13DB-4B6D-82A1-76764ECF7EC2}.Debug|Any CPU.Build.0 = Debug|Any CPU
		{0CD9FBB1-13DB-4B6D-82A1-76764ECF7EC2}.Release|Any CPU.ActiveCfg = Release|Any CPU
		{0CD9FBB1-13DB-4B6D-82A1-76764ECF7EC2}.Release|Any CPU.Build.0 = Release|Any CPU
		{7D75C21E-14CC-4934-9976-56006E60D5AD}.Debug|Any CPU.ActiveCfg = Debug|Any CPU
		{7D75C21E-14CC-4934-9976-56006E60D5AD}.Debug|Any CPU.Build.0 = Debug|Any CPU
		{7D75C21E-14CC-4934-9976-56006E60D5AD}.Release|Any CPU.ActiveCfg = Release|Any CPU
		{7D75C21E-14CC-4934-9976-56006E60D5AD}.Release|Any CPU.Build.0 = Release|Any CPU
	EndGlobalSection
	GlobalSection(SolutionProperties) = preSolution
		HideSolutionNode = FALSE
	EndGlobalSection
	GlobalSection(ExtensibilityGlobals) = postSolution
		SolutionGuid = {C91B4791-F1E6-4328-B366-E4034A67B1E6}
	EndGlobalSection
EndGlobal
